{
  "name": "@hara-lang/ui",
  "version": "0.2.0",
  "lockfileVersion": 3,
  "requires": true,
  "packages": {
    "": {
      "name": "@hara-lang/ui",
      "version": "0.2.0",
      "license": "MIT",
      "workspaces": [
        "packages/*"
      ]
    },
    "node_modules/@hara-lang/live": {
      "resolved": "packages/live",
      "link": true
    },
    "node_modules/@hara-lang/ui-astro": {
      "resolved": "packages/ui-astro",
      "link": true
    },
    "node_modules/@hara-lang/ui-tool": {
      "resolved": "packages/ui-tool",
      "link": true
    },
    "node_modules/@hara-lang/web-addons": {
      "resolved": "packages/web-addons",
      "link": true
    },
    "node_modules/@hara-lang/web-capabilities": {
      "resolved": "packages/web-capabilities",
      "link": true
    },
    "node_modules/@hara-lang/web-editor": {
      "resolved": "packages/web-editor",
      "link": true
    },
    "node_modules/@hara-lang/web-preview": {
      "resolved": "packages/web-preview",
      "link": true
    },
    "node_modules/@hara-lang/web-runtime": {
      "resolved": "packages/web-runtime",
      "link": true
    },
    "node_modules/@hara-lang/web-workspace": {
      "resolved": "packages/web-workspace",
      "link": true
    },
    "packages/live": {
      "name": "@hara-lang/live",
      "version": "0.1.0",
      "license": "Apache-2.0",
      "dependencies": {
        "@hara-lang/web-editor": "0.1.0",
        "@hara-lang/web-runtime": "0.1.0"
      },
      "engines": {
        "node": ">=22"
      }
    },
    "packages/ui-astro": {
      "name": "@hara-lang/ui-astro",
      "version": "0.1.0",
      "license": "MIT",
      "peerDependencies": {
        "@hara-lang/ui": "^0.2.0",
        "astro": ">=4"
      }
    },
    "packages/ui-tool": {
      "name": "@hara-lang/ui-tool",
      "version": "0.1.0",
      "license": "MIT",
      "peerDependencies": {
        "@hara-lang/ui": "^0.2.0",
        "astro": ">=4"
      }
    },
    "packages/web-addons": {
      "name": "@hara-lang/web-addons",
      "version": "0.1.0",
      "license": "MIT",
      "engines": {
        "node": ">=20"
      }
    },
    "packages/web-capabilities": {
      "name": "@hara-lang/web-capabilities",
      "version": "0.1.0",
      "license": "MIT",
      "engines": {
        "node": ">=20"
      }
    },
    "packages/web-editor": {
      "name": "@hara-lang/web-editor",
      "version": "0.1.0",
      "license": "MIT",
      "engines": {
        "node": ">=20"
      }
    },
    "packages/web-preview": {
      "name": "@hara-lang/web-preview",
      "version": "0.1.0",
      "license": "MIT",
      "engines": {
        "node": ">=20"
      }
    },
    "packages/web-runtime": {
      "name": "@hara-lang/web-runtime",
      "version": "0.1.0",
      "license": "MIT",
      "engines": {
        "node": ">=20"
      }
    },
    "packages/web-workspace": {
      "name": "@hara-lang/web-workspace",
      "version": "0.1.0",
      "license": "MIT",
      "engines": {
        "node": ">=20"
      }
    }
  }
}
